
Microsoft Visual Studio Solution File, Format Version 12.00
# Visual Studio 15
VisualStudioVersion = 15.0.27130.2036
MinimumVisualStudioVersion = 10.0.40219.1
Project("{9A19103F-16F7-4668-BE54-9A1E7A4F7556}") = "Camunda.PsClient", "Camunda.PsClient\Camunda.PsClient.csproj", "{AF43AEB3-1D8C-4E01-80F4-2665FF9EC8F8}"
EndProject
Project("{2150E333-8FDC-42A3-9474-1A3956D46DE8}") = "Solution Items", "Solution Items", "{36AE7D47-8199-495B-ACE3-7E5B042DB79E}"
	ProjectSection(SolutionItems) = preProject
		.editorconfig = .editorconfig
		build.cake = build.cake
		build.ps1 = build.ps1
		build.sh = build.sh
		buildModule.ps1 = buildModule.ps1
		README.md = README.md
	EndProjectSection
EndProject
Project("{2150E333-8FDC-42A3-9474-1A3956D46DE8}") = "ModuleManifest", "ModuleManifest", "{A08299CE-85F4-404F-A679-5825D7C85301}"
	ProjectSection(SolutionItems) = preProject
		ModuleManifest\Camunda.psd1 = ModuleManifest\Camunda.psd1
		ModuleManifest\Camunda.psm1 = ModuleManifest\Camunda.psm1
	EndProjectSection
EndProject
Global
	GlobalSection(SolutionConfigurationPlatforms) = preSolution
		Debug|Any CPU = Debug|Any CPU
		Release|Any CPU = Release|Any CPU
	EndGlobalSection
	GlobalSection(ProjectConfigurationPlatforms) = postSolution
		{AF43AEB3-1D8C-4E01-80F4-2665FF9EC8F8}.Debug|Any CPU.ActiveCfg = Debug|Any CPU
		{AF43AEB3-1D8C-4E01-80F4-2665FF9EC8F8}.Debug|Any CPU.Build.0 = Debug|Any CPU
		{AF43AEB3-1D8C-4E01-80F4-2665FF9EC8F8}.Release|Any CPU.ActiveCfg = Release|Any CPU
		{AF43AEB3-1D8C-4E01-80F4-2665FF9EC8F8}.Release|Any CPU.Build.0 = Release|Any CPU
	EndGlobalSection
	GlobalSection(SolutionProperties) = preSolution
		HideSolutionNode = FALSE
	EndGlobalSection
	GlobalSection(ExtensibilityGlobals) = postSolution
		SolutionGuid = {A66608C2-E215-46E7-93F8-640944B26FEA}
	EndGlobalSection
EndGlobal
